# This file was autogenerated by Stack.
# You should not edit this file by hand.
# For more information, please see the documentation at:
#   https://docs.haskellstack.org/en/stable/lock_files

packages:
- completed:
    hackage: polysemy-zoo-0.8.2.0@sha256:bd8f802cb0402082053b3b0b97c8b551b071a14960e6b271a5b78be728b73a24,3952
    pantry-tree:
      sha256: 6ba0b1b3b7390946be95267809be44377b2c15da2fae9904fa763f1cbfcb39fd
      size: 2904
  original:
    hackage: polysemy-zoo-0.8.2.0
- completed:
    hackage: amazonka-2.0@sha256:3481da2fda6b210d15d41c1db7a588adf68123cfb7ea3882797a6230003259db,3505
    pantry-tree:
      sha256: 01c7121bd5e4a3918a71ea6502412292c97facf20c9620f07af96e423d6437e2
      size: 1528
  original:
    hackage: amazonka-2.0
- completed:
    hackage: amazonka-core-2.0@sha256:d9f0533c272ac92bd7b18699077038b6b51b3552e91b65743af4ce646286b4f8,4383
    pantry-tree:
      sha256: 46e7e4de910b08ee2df98db9cda2becf388ce49510024018289a46c43e175ee0
      size: 3222
  original:
    hackage: amazonka-core-2.0
- completed:
    hackage: amazonka-sso-2.0@sha256:902be13b604e4a3b51a9b8e1adc6a32f42322ae11f738a72a8c737b2d0a91a5e,2995
    pantry-tree:
      sha256: f87dd959a78bf54295bd6f8c7da58f7f8f860251d5548ecb05ab758e03cba50b
      size: 1817
  original:
    hackage: amazonka-sso-2.0
- completed:
    hackage: amazonka-sts-2.0@sha256:5c721083e8d80883a893176de6105c27bbbd8176f467c27ac5f8d548a5e726d8,3209
    pantry-tree:
      sha256: bde4691af7cac74e0a3705271b4d3ac05515863bfb6f668112e3f3950a27cb41
      size: 2880
  original:
    hackage: amazonka-sts-2.0
- completed:
    hackage: amazonka-apigatewaymanagementapi-2.0@sha256:84a616519bac3f80010b708c18799122f98a6d9b9d919e0f63e76b5335d0af60,3269
    pantry-tree:
      sha256: 5fd3b945e96ee0adacf11202fbd7f10ffdf56bb54fe3c8dc6f3900fa6c8287af
      size: 1701
  original:
    hackage: amazonka-apigatewaymanagementapi-2.0
- completed:
    hackage: amazonka-s3-2.0@sha256:e3143e11ab9e57ee0dfd9d1dd95a44c5b4a7d34af78c8f5b2e6c00afad118a02,13853
    pantry-tree:
      sha256: 49f801400582ef0ca290312243b55e6e3c540c0c94c1a3110735bc400386fefb
      size: 38690
  original:
    hackage: amazonka-s3-2.0
- completed:
    hackage: amazonka-ses-2.0@sha256:67d02c06510de8f68add5196b813c576133eca4e3ff14fd697933f70adff8197,8022
    pantry-tree:
      sha256: c3fa3cf8a4c008d34526a859d50fca579e301edf1db1fefd70fd9c937d6f4f00
      size: 22928
  original:
    hackage: amazonka-ses-2.0
snapshots:
- completed:
    sha256: 1d663bec402f77fa09fa3e8cf288c3c7eb18a1f28a5e0c331ac47adeacd21346
    size: 640034
    url: https://raw.githubusercontent.com/commercialhaskell/stackage-snapshots/master/lts/21/16.yaml
  original: lts-21.16
